
Microsoft Visual Studio Solution File, Format Version 12.00
# Visual Studio Version 17
VisualStudioVersion = 17.11.35222.181
MinimumVisualStudioVersion = 10.0.40219.1
Project("{FAE04EC0-301F-11D3-BF4B-00C04F79EFBC}") = "ProspAI_Sprint3", "ProspAI_Sprint3\ProspAI_Sprint3.csproj", "{61688AD0-C6EC-4FF8-9A4A-9309F3B7B344}"
EndProject
Global
	GlobalSection(SolutionConfigurationPlatforms) = preSolution
		Debug|Any CPU = Debug|Any CPU
		Release|Any CPU = Release|Any CPU
	EndGlobalSection
	GlobalSection(ProjectConfigurationPlatforms) = postSolution
		{61688AD0-C6EC-4FF8-9A4A-9309F3B7B344}.Debug|Any CPU.ActiveCfg = Debug|Any CPU
		{61688AD0-C6EC-4FF8-9A4A-9309F3B7B344}.Debug|Any CPU.Build.0 = Debug|Any CPU
		{61688AD0-C6EC-4FF8-9A4A-9309F3B7B344}.Release|Any CPU.ActiveCfg = Release|Any CPU
		{61688AD0-C6EC-4FF8-9A4A-9309F3B7B344}.Release|Any CPU.Build.0 = Release|Any CPU
	EndGlobalSection
	GlobalSection(SolutionProperties) = preSolution
		HideSolutionNode = FALSE
	EndGlobalSection
	GlobalSection(ExtensibilityGlobals) = postSolution
		SolutionGuid = {A5BCB188-AD7A-469C-B612-6291B35593C8}
	EndGlobalSection
EndGlobal
